// !$*UTF8*$!
{
	archiveVersion = 1;
	classes = {
	};
	objectVersion = 55;
	objects = {

/* Begin PBXBuildFile section */
		52F71313DB7D69EA8BFB0C37 /* Pods_Test10.framework in Frameworks */ = {isa = PBXBuildFile; fileRef = E867EF10EBBB25D65277D120 /* Pods_Test10.framework */; };
		C8CBB4A329C00AFE0088B88C /* AppDelegate.swift in Sources */ = {isa = PBXBuildFile; fileRef = C8CBB4A229C00AFE0088B88C /* AppDelegate.swift */; };
		C8CBB4A529C00AFE0088B88C /* SceneDelegate.swift in Sources */ = {isa = PBXBuildFile; fileRef = C8CBB4A429C00AFE0088B88C /* SceneDelegate.swift */; };
		C8CBB4A729C00AFE0088B88C /* ViewController.swift in Sources */ = {isa = PBXBuildFile; fileRef = C8CBB4A629C00AFE0088B88C /* ViewController.swift */; };
		C8CBB4AA29C00AFE0088B88C /* Main.storyboard in Resources */ = {isa = PBXBuildFile; fileRef = C8CBB4A829C00AFE0088B88C /* Main.storyboard */; };
		C8CBB4AC29C00AFF0088B88C /* Assets.xcassets in Resources */ = {isa = PBXBuildFile; fileRef = C8CBB4AB29C00AFF0088B88C /* Assets.xcassets */; };
		C8CBB4AF29C00AFF0088B88C /* LaunchScreen.storyboard in Resources */ = {isa = PBXBuildFile; fileRef = C8CBB4AD29C00AFF0088B88C /* LaunchScreen.storyboard */; };
/* End PBXBuildFile section */

/* Begin PBXFileReference section */
		52ADD94FAF8B96183D365222 /* Pods-Test10.debug.xcconfig */ = {isa = PBXFileReference; includeInIndex = 1; lastKnownFileType = text.xcconfig; name = "Pods-Test10.debug.xcconfig"; path = "Target Support Files/Pods-Test10/Pods-Test10.debug.xcconfig"; sourceTree = "<group>"; };
		C8CBB49F29C00AFE0088B88C /* Test10.app */ = {isa = PBXFileReference; explicitFileType = wrapper.application; includeInIndex = 0; path = Test10.app; sourceTree = BUILT_PRODUCTS_DIR; };
		C8CBB4A229C00AFE0088B88C /* AppDelegate.swift */ = {isa = PBXFileReference; lastKnownFileType = sourcecode.swift; path = AppDelegate.swift; sourceTree = "<group>"; };
		C8CBB4A429C00AFE0088B88C /* SceneDelegate.swift */ = {isa = PBXFileReference; lastKnownFileType = sourcecode.swift; path = SceneDelegate.swift; sourceTree = "<group>"; };
		C8CBB4A629C00AFE0088B88C /* ViewController.swift */ = {isa = PBXFileReference; lastKnownFileType = sourcecode.swift; path = ViewController.swift; sourceTree = "<group>"; };
		C8CBB4A929C00AFE0088B88C /* Base */ = {isa = PBXFileReference; lastKnownFileType = file.storyboard; name = Base; path = Base.lproj/Main.storyboard; sourceTree = "<group>"; };
		C8CBB4AB29C00AFF0088B88C /* Assets.xcassets */ = {isa = PBXFileReference; lastKnownFileType = folder.assetcatalog; path = Assets.xcassets; sourceTree = "<group>"; };
		C8CBB4AE29C00AFF0088B88C /* Base */ = {isa = PBXFileReference; lastKnownFileType = file.storyboard; name = Base; path = Base.lproj/LaunchScreen.storyboard; sourceTree = "<group>"; };
		C8CBB4B029C00AFF0088B88C /* Info.plist */ = {isa = PBXFileReference; lastKnownFileType = text.plist.xml; path = Info.plist; sourceTree = "<group>"; };
		E867EF10EBBB25D65277D120 /* Pods_Test10.framework */ = {isa = PBXFileReference; explicitFileType = wrapper.framework; includeInIndex = 0; path = Pods_Test10.framework; sourceTree = BUILT_PRODUCTS_DIR; };
		ECC2AAE218C66821A1CD8BDA /* Pods-Test10.release.xcconfig */ = {isa = PBXFileReference; includeInIndex = 1; lastKnownFileType = text.xcconfig; name = "Pods-Test10.release.xcconfig"; path = "Target Support Files/Pods-Test10/Pods-Test10.release.xcconfig"; sourceTree = "<group>"; };
/* End PBXFileReference section */

/* Begin PBXFrameworksBuildPhase section */
		C8CBB49C29C00AFE0088B88C /* Frameworks */ = {
			isa = PBXFrameworksBuildPhase;
			buildActionMask = 2147483647;
			files = (
				52F71313DB7D69EA8BFB0C37 /* Pods_Test10.framework in Frameworks */,
			);
			runOnlyForDeploymentPostprocessing = 0;
		};
/* End PBXFrameworksBuildPhase section */

/* Begin PBXGroup section */
		875BB123B5AE3F474A20DCA2 /* Frameworks */ = {
			isa = PBXGroup;
			children = (
				E867EF10EBBB25D65277D120 /* Pods_Test10.framework */,
			);
			name = Frameworks;
			sourceTree = "<group>";
		};
		C8CBB49629C00AFE0088B88C = {
			isa = PBXGroup;
			children = (
				C8CBB4A129C00AFE0088B88C /* Test10 */,
				C8CBB4A029C00AFE0088B88C /* Products */,
				D9D4FF5AB9B6C6282FE1CD70 /* Pods */,
				875BB123B5AE3F474A20DCA2 /* Frameworks */,
			);
			sourceTree = "<group>";
		};
		C8CBB4A029C00AFE0088B88C /* Products */ = {
			isa = PBXGroup;
			children = (
				C8CBB49F29C00AFE0088B88C /* Test10.app */,
			);
			name = Products;
			sourceTree = "<group>";
		};
		C8CBB4A129C00AFE0088B88C /* Test10 */ = {
			isa = PBXGroup;
			children = (
				C8CBB4A229C00AFE0088B88C /* AppDelegate.swift */,
				C8CBB4A429C00AFE0088B88C /* SceneDelegate.swift */,
				C8CBB4A629C00AFE0088B88C /* ViewController.swift */,
				C8CBB4A829C00AFE0088B88C /* Main.storyboard */,
				C8CBB4AB29C00AFF0088B88C /* Assets.xcassets */,
				C8CBB4AD29C00AFF0088B88C /* LaunchScreen.storyboard */,
				C8CBB4B029C00AFF0088B88C /* Info.plist */,
			);
			path = Test10;
			sourceTree = "<group>";
		};
		D9D4FF5AB9B6C6282FE1CD70 /* Pods */ = {
			isa = PBXGroup;
			children = (
				52ADD94FAF8B96183D365222 /* Pods-Test10.debug.xcconfig */,
				ECC2AAE218C66821A1CD8BDA /* Pods-Test10.release.xcconfig */,
			);
			name = Pods;
			path = Pods;
			sourceTree = "<group>";
		};
/* End PBXGroup section */

/* Begin PBXNativeTarget section */
		C8CBB49E29C00AFE0088B88C /* Test10 */ = {
			isa = PBXNativeTarget;
			buildConfigurationList = C8CBB4B329C00AFF0088B88C /* Build configuration list for PBXNativeTarget "Test10" */;
			buildPhases = (
				3301A57612930B7D22F191DB /* [CP] Check Pods Manifest.lock */,
				C8CBB49B29C00AFE0088B88C /* Sources */,
				C8CBB49C29C00AFE0088B88C /* Frameworks */,
				C8CBB49D29C00AFE0088B88C /* Resources */,
				53094C462BA98160B36E4EA5 /* [CP] Embed Pods Frameworks */,
			);
			buildRules = (
			);
			dependencies = (
			);
			name = Test10;
			productName = Test10;
			productReference = C8CBB49F29C00AFE0088B88C /* Test10.app */;
			productType = "com.apple.product-type.application";
		};
/* End PBXNativeTarget section */

/* Begin PBXProject section */
		C8CBB49729C00AFE0088B88C /* Project object */ = {
			isa = PBXProject;
			attributes = {
				BuildIndependentTargetsInParallel = 1;
				LastSwiftUpdateCheck = 1340;
				LastUpgradeCheck = 1340;
				TargetAttributes = {
					C8CBB49E29C00AFE0088B88C = {
						CreatedOnToolsVersion = 13.4.1;
					};
				};
			};
			buildConfigurationList = C8CBB49A29C00AFE0088B88C /* Build configuration list for PBXProject "Test10" */;
			compatibilityVersion = "Xcode 13.0";
			developmentRegion = en;
			hasScannedForEncodings = 0;
			knownRegions = (
				en,
				Base,
			);
			mainGroup = C8CBB49629C00AFE0088B88C;
			productRefGroup = C8CBB4A029C00AFE0088B88C /* Products */;
			projectDirPath = "";
			projectRoot = "";
			targets = (
				C8CBB49E29C00AFE0088B88C /* Test10 */,
			);
		};
/* End PBXProject section */

/* Begin PBXResourcesBuildPhase section */
		C8CBB49D29C00AFE0088B88C /* Resources */ = {
			isa = PBXResourcesBuildPhase;
			buildActionMask = 2147483647;
			files = (
				C8CBB4AF29C00AFF0088B88C /* LaunchScreen.storyboard in Resources */,
				C8CBB4AC29C00AFF0088B88C /* Assets.xcassets in Resources */,
				C8CBB4AA29C00AFE0088B88C /* Main.storyboard in Resources */,
			);
			runOnlyForDeploymentPostprocessing = 0;
		};
/* End PBXResourcesBuildPhase section */

/* Begin PBXShellScriptBuildPhase section */
		3301A57612930B7D22F191DB /* [CP] Check Pods Manifest.lock */ = {
			isa = PBXShellScriptBuildPhase;
			buildActionMask = 2147483647;
			files = (
			);
			inputFileListPaths = (
			);
			inputPaths = (
				"${PODS_PODFILE_DIR_PATH}/Podfile.lock",
				"${PODS_ROOT}/Manifest.lock",
			);
			name = "[CP] Check Pods Manifest.lock";
			outputFileListPaths = (
			);
			outputPaths = (
				"$(DERIVED_FILE_DIR)/Pods-Test10-checkManifestLockResult.txt",
			);
			runOnlyForDeploymentPostprocessing = 0;
			shellPath = /bin/sh;
			shellScript = "diff \"${PODS_PODFILE_DIR_PATH}/Podfile.lock\" \"${PODS_ROOT}/Manifest.lock\" > /dev/null\nif [ $? != 0 ] ; then\n    # print error to STDERR\n    echo \"error: The sandbox is not in sync with the Podfile.lock. Run 'pod install' or update your CocoaPods installation.\" >&2\n    exit 1\nfi\n# This output is used by Xcode 'outputs' to avoid re-running this script phase.\necho \"SUCCESS\" > \"${SCRIPT_OUTPUT_FILE_0}\"\n";
			showEnvVarsInLog = 0;
		};
		53094C462BA98160B36E4EA5 /* [CP] Embed Pods Frameworks */ = {
			isa = PBXShellScriptBuildPhase;
			buildActionMask = 2147483647;
			files = (
			);
			inputFileListPaths = (
				"${PODS_ROOT}/Target Support Files/Pods-Test10/Pods-Test10-frameworks-${CONFIGURATION}-input-files.xcfilelist",
			);
			name = "[CP] Embed Pods Frameworks";
			outputFileListPaths = (
				"${PODS_ROOT}/Target Support Files/Pods-Test10/Pods-Test10-frameworks-${CONFIGURATION}-output-files.xcfilelist",
			);
			runOnlyForDeploymentPostprocessing = 0;
			shellPath = /bin/sh;
			shellScript = "\"${PODS_ROOT}/Target Support Files/Pods-Test10/Pods-Test10-frameworks.sh\"\n";
			showEnvVarsInLog = 0;
		};
/* End PBXShellScriptBuildPhase section */

/* Begin PBXSourcesBuildPhase section */
		C8CBB49B29C00AFE0088B88C /* Sources */ = {
			isa = PBXSourcesBuildPhase;
			buildActionMask = 2147483647;
			files = (
				C8CBB4A729C00AFE0088B88C /* ViewController.swift in Sources */,
				C8CBB4A329C00AFE0088B88C /* AppDelegate.swift in Sources */,
				C8CBB4A529C00AFE0088B88C /* SceneDelegate.swift in Sources */,
			);
			runOnlyForDeploymentPostprocessing = 0;
		};
/* End PBXSourcesBuildPhase section */

/* Begin PBXVariantGroup section */
		C8CBB4A829C00AFE0088B88C /* Main.storyboard */ = {
			isa = PBXVariantGroup;
			children = (
				C8CBB4A929C00AFE0088B88C /* Base */,
			);
			name = Main.storyboard;
			sourceTree = "<group>";
		};
		C8CBB4AD29C00AFF0088B88C /* LaunchScreen.storyboard */ = {
			isa = PBXVariantGroup;
			children = (
				C8CBB4AE29C00AFF0088B88C /* Base */,
			);
			name = LaunchScreen.storyboard;
			sourceTree = "<group>";
		};
/* End PBXVariantGroup section */

/* Begin XCBuildConfiguration section */
		C8CBB4B129C00AFF0088B88C /* Debug */ = {
			isa = XCBuildConfiguration;
			buildSettings = {
				ALWAYS_SEARCH_USER_PATHS = NO;
				CLANG_ANALYZER_NONNULL = YES;
				CLANG_ANALYZER_NUMBER_OBJECT_CONVERSION = YES_AGGRESSIVE;
				CLANG_CXX_LANGUAGE_STANDARD = "gnu++17";
				CLANG_ENABLE_MODULES = YES;
				CLANG_ENABLE_OBJC_ARC = YES;
				CLANG_ENABLE_OBJC_WEAK = YES;
				CLANG_WARN_BLOCK_CAPTURE_AUTORELEASING = YES;
				CLANG_WARN_BOOL_CONVERSION = YES;
				CLANG_WARN_COMMA = YES;
				CLANG_WARN_CONSTANT_CONVERSION = YES;
				CLANG_WARN_DEPRECATED_OBJC_IMPLEMENTATIONS = YES;
				CLANG_WARN_DIRECT_OBJC_ISA_USAGE = YES_ERROR;
				CLANG_WARN_DOCUMENTATION_COMMENTS = YES;
				CLANG_WARN_EMPTY_BODY = YES;
				CLANG_WARN_ENUM_CONVERSION = YES;
				CLANG_WARN_INFINITE_RECURSION = YES;
				CLANG_WARN_INT_CONVERSION = YES;
				CLANG_WARN_NON_LITERAL_NULL_CONVERSION = YES;
				CLANG_WARN_OBJC_IMPLICIT_RETAIN_SELF = YES;
				CLANG_WARN_OBJC_LITERAL_CONVERSION = YES;
				CLANG_WARN_OBJC_ROOT_CLASS = YES_ERROR;
				CLANG_WARN_QUOTED_INCLUDE_IN_FRAMEWORK_HEADER = YES;
				CLANG_WARN_RANGE_LOOP_ANALYSIS = YES;
				CLANG_WARN_STRICT_PROTOTYPES = YES;
				CLANG_WARN_SUSPICIOUS_MOVE = YES;
				CLANG_WARN_UNGUARDED_AVAILABILITY = YES_AGGRESSIVE;
				CLANG_WARN_UNREACHABLE_CODE = YES;
				CLANG_WARN__DUPLICATE_METHOD_MATCH = YES;
				COPY_PHASE_STRIP = NO;
				DEBUG_INFORMATION_FORMAT = dwarf;
				ENABLE_STRICT_OBJC_MSGSEND = YES;
				ENABLE_TESTABILITY = YES;
				GCC_C_LANGUAGE_STANDARD = gnu11;
				GCC_DYNAMIC_NO_PIC = NO;
				GCC_NO_COMMON_BLOCKS = YES;
				GCC_OPTIMIZATION_LEVEL = 0;
				GCC_PREPROCESSOR_DEFINITIONS = (
					"DEBUG=1",
					"$(inherited)",
				);
				GCC_WARN_64_TO_32_BIT_CONVERSION = YES;
				GCC_WARN_ABOUT_RETURN_TYPE = YES_ERROR;
				GCC_WARN_UNDECLARED_SELECTOR = YES;
				GCC_WARN_UNINITIALIZED_AUTOS = YES_AGGRESSIVE;
				GCC_WARN_UNUSED_FUNCTION = YES;
				GCC_WARN_UNUSED_VARIABLE = YES;
				IPHONEOS_DEPLOYMENT_TARGET = 15.5;
				MTL_ENABLE_DEBUG_INFO = INCLUDE_SOURCE;
				MTL_FAST_MATH = YES;
				ONLY_ACTIVE_ARCH = YES;
				SDKROOT = iphoneos;
				SWIFT_ACTIVE_COMPILATION_CONDITIONS = DEBUG;
				SWIFT_OPTIMIZATION_LEVEL = "-Onone";
			};
			name = Debug;
		};
		C8CBB4B229C00AFF0088B88C /* Release */ = {
			isa = XCBuildConfiguration;
			buildSettings = {
				ALWAYS_SEARCH_USER_PATHS = NO;
				CLANG_ANALYZER_NONNULL = YES;
				CLANG_ANALYZER_NUMBER_OBJECT_CONVERSION = YES_AGGRESSIVE;
				CLANG_CXX_LANGUAGE_STANDARD = "gnu++17";
				CLANG_ENABLE_MODULES = YES;
				CLANG_ENABLE_OBJC_ARC = YES;
				CLANG_ENABLE_OBJC_WEAK = YES;
				CLANG_WARN_BLOCK_CAPTURE_AUTORELEASING = YES;
				CLANG_WARN_BOOL_CONVERSION = YES;
				CLANG_WARN_COMMA = YES;
				CLANG_WARN_CONSTANT_CONVERSION = YES;
				CLANG_WARN_DEPRECATED_OBJC_IMPLEMENTATIONS = YES;
				CLANG_WARN_DIRECT_OBJC_ISA_USAGE = YES_ERROR;
				CLANG_WARN_DOCUMENTATION_COMMENTS = YES;
				CLANG_WARN_EMPTY_BODY = YES;
				CLANG_WARN_ENUM_CONVERSION = YES;
				CLANG_WARN_INFINITE_RECURSION = YES;
				CLANG_WARN_INT_CONVERSION = YES;
				CLANG_WARN_NON_LITERAL_NULL_CONVERSION = YES;
				CLANG_WARN_OBJC_IMPLICIT_RETAIN_SELF = YES;
				CLANG_WARN_OBJC_LITERAL_CONVERSION = YES;
				CLANG_WARN_OBJC_ROOT_CLASS = YES_ERROR;
				CLANG_WARN_QUOTED_INCLUDE_IN_FRAMEWORK_HEADER = YES;
				CLANG_WARN_RANGE_LOOP_ANALYSIS = YES;
				CLANG_WARN_STRICT_PROTOTYPES = YES;
				CLANG_WARN_SUSPICIOUS_MOVE = YES;
				CLANG_WARN_UNGUARDED_AVAILABILITY = YES_AGGRESSIVE;
				CLANG_WARN_UNREACHABLE_CODE = YES;
				CLANG_WARN__DUPLICATE_METHOD_MATCH = YES;
				COPY_PHASE_STRIP = NO;
				DEBUG_INFORMATION_FORMAT = "dwarf-with-dsym";
				ENABLE_NS_ASSERTIONS = NO;
				ENABLE_STRICT_OBJC_MSGSEND = YES;
				GCC_C_LANGUAGE_STANDARD = gnu11;
				GCC_NO_COMMON_BLOCKS = YES;
				GCC_WARN_64_TO_32_BIT_CONVERSION = YES;
				GCC_WARN_ABOUT_RETURN_TYPE = YES_ERROR;
				GCC_WARN_UNDECLARED_SELECTOR = YES;
				GCC_WARN_UNINITIALIZED_AUTOS = YES_AGGRESSIVE;
				GCC_WARN_UNUSED_FUNCTION = YES;
				GCC_WARN_UNUSED_VARIABLE = YES;
				IPHONEOS_DEPLOYMENT_TARGET = 15.5;
				MTL_ENABLE_DEBUG_INFO = NO;
				MTL_FAST_MATH = YES;
				SDKROOT = iphoneos;
				SWIFT_COMPILATION_MODE = wholemodule;
				SWIFT_OPTIMIZATION_LEVEL = "-O";
				VALIDATE_PRODUCT = YES;
			};
			name = Release;
		};
		C8CBB4B429C00AFF0088B88C /* Debug */ = {
			isa = XCBuildConfiguration;
			baseConfigurationReference = 52ADD94FAF8B96183D365222 /* Pods-Test10.debug.xcconfig */;
			buildSettings = {
				ASSETCATALOG_COMPILER_APPICON_NAME = AppIcon;
				ASSETCATALOG_COMPILER_GLOBAL_ACCENT_COLOR_NAME = AccentColor;
				CODE_SIGN_STYLE = Automatic;
				CURRENT_PROJECT_VERSION = 1;
				DEVELOPMENT_TEAM = C88L7TD8K4;
				GENERATE_INFOPLIST_FILE = YES;
				INFOPLIST_FILE = Test10/Info.plist;
				INFOPLIST_KEY_UIApplicationSupportsIndirectInputEvents = YES;
				INFOPLIST_KEY_UILaunchStoryboardName = LaunchScreen;
				INFOPLIST_KEY_UIMainStoryboardFile = Main;
				INFOPLIST_KEY_UISupportedInterfaceOrientations_iPad = "UIInterfaceOrientationPortrait UIInterfaceOrientationPortraitUpsideDown UIInterfaceOrientationLandscapeLeft UIInterfaceOrientationLandscapeRight";
				INFOPLIST_KEY_UISupportedInterfaceOrientations_iPhone = "UIInterfaceOrientationPortrait UIInterfaceOrientationLandscapeLeft UIInterfaceOrientationLandscapeRight";
				LD_RUNPATH_SEARCH_PATHS = (
					"$(inherited)",
					"@executable_path/Frameworks",
				);
				MARKETING_VERSION = 1.0;
				PRODUCT_BUNDLE_IDENTIFIER = com.sondao.Test10;
				PRODUCT_NAME = "$(TARGET_NAME)";
				SWIFT_EMIT_LOC_STRINGS = YES;
				SWIFT_VERSION = 5.0;
				TARGETED_DEVICE_FAMILY = "1,2";
			};
			name = Debug;
		};
		C8CBB4B529C00AFF0088B88C /* Release */ = {
			isa = XCBuildConfiguration;
			baseConfigurationReference = ECC2AAE218C66821A1CD8BDA /* Pods-Test10.release.xcconfig */;
			buildSettings = {
				ASSETCATALOG_COMPILER_APPICON_NAME = AppIcon;
				ASSETCATALOG_COMPILER_GLOBAL_ACCENT_COLOR_NAME = AccentColor;
				CODE_SIGN_STYLE = Automatic;
				CURRENT_PROJECT_VERSION = 1;
				DEVELOPMENT_TEAM = C88L7TD8K4;
				GENERATE_INFOPLIST_FILE = YES;
				INFOPLIST_FILE = Test10/Info.plist;
				INFOPLIST_KEY_UIApplicationSupportsIndirectInputEvents = YES;
				INFOPLIST_KEY_UILaunchStoryboardName = LaunchScreen;
				INFOPLIST_KEY_UIMainStoryboardFile = Main;
				INFOPLIST_KEY_UISupportedInterfaceOrientations_iPad = "UIInterfaceOrientationPortrait UIInterfaceOrientationPortraitUpsideDown UIInterfaceOrientationLandscapeLeft UIInterfaceOrientationLandscapeRight";
				INFOPLIST_KEY_UISupportedInterfaceOrientations_iPhone = "UIInterfaceOrientationPortrait UIInterfaceOrientationLandscapeLeft UIInterfaceOrientationLandscapeRight";
				LD_RUNPATH_SEARCH_PATHS = (
					"$(inherited)",
					"@executable_path/Frameworks",
				);
				MARKETING_VERSION = 1.0;
				PRODUCT_BUNDLE_IDENTIFIER = com.sondao.Test10;
				PRODUCT_NAME = "$(TARGET_NAME)";
				SWIFT_EMIT_LOC_STRINGS = YES;
				SWIFT_VERSION = 5.0;
				TARGETED_DEVICE_FAMILY = "1,2";
			};
			name = Release;
		};
/* End XCBuildConfiguration section */

/* Begin XCConfigurationList section */
		C8CBB49A29C00AFE0088B88C /* Build configuration list for PBXProject "Test10" */ = {
			isa = XCConfigurationList;
			buildConfigurations = (
				C8CBB4B129C00AFF0088B88C /* Debug */,
				C8CBB4B229C00AFF0088B88C /* Release */,
			);
			defaultConfigurationIsVisible = 0;
			defaultConfigurationName = Release;
		};
		C8CBB4B329C00AFF0088B88C /* Build configuration list for PBXNativeTarget "Test10" */ = {
			isa = XCConfigurationList;
			buildConfigurations = (
				C8CBB4B429C00AFF0088B88C /* Debug */,
				C8CBB4B529C00AFF0088B88C /* Release */,
			);
			defaultConfigurationIsVisible = 0;
			defaultConfigurationName = Release;
		};
/* End XCConfigurationList section */
	};
	rootObject = C8CBB49729C00AFE0088B88C /* Project object */;
}
